<?xml version="1.0" encoding="utf-8"?>
<Project ToolsVersion="4.0" xmlns="http://schemas.microsoft.com/developer/msbuild/2003">
  <ItemGroup>
    <Filter Include="Engine">
      <UniqueIdentifier>{4d7881e9-b381-42ae-99e1-b8f0a11abf13}</UniqueIdentifier>
    </Filter>
    <Filter Include="Engine\Graphics">
      <UniqueIdentifier>{9ef64179-b764-475f-b756-faa997711f8b}</UniqueIdentifier>
    </Filter>
    <Filter Include="Engine\Input">
      <UniqueIdentifier>{fe454994-c59e-43d4-812d-28d990eb1b6b}</UniqueIdentifier>
    </Filter>
    <Filter Include="Engine\Managers">
      <UniqueIdentifier>{45c3963b-8706-48f2-b1c5-6f0a54955009}</UniqueIdentifier>
    </Filter>
    <Filter Include="Engine\Models">
      <UniqueIdentifier>{4780e4b1-0ce6-46af-8b22-08349db550a3}</UniqueIdentifier>
    </Filter>
    <Filter Include="Engine\Scenes">
      <UniqueIdentifier>{02b246e2-f2ed-4205-9695-ea0ff9d31428}</UniqueIdentifier>
    </Filter>
    <Filter Include="Engine\Utils">
      <UniqueIdentifier>{c596c29e-0d9a-4a0a-a427-8602b8287bf0}</UniqueIdentifier>
    </Filter>
    <Filter Include="3rdParty">
      <UniqueIdentifier>{7a7cc576-7e0b-4172-89d2-929154979dba}</UniqueIdentifier>
    </Filter>
    <Filter Include="3rdParty\lodepng">
      <UniqueIdentifier>{34f108c4-d78f-45e4-bc51-a613e55b518a}</UniqueIdentifier>
    </Filter>
    <Filter Include="3rdParty\gl3w">
      <UniqueIdentifier>{f54b537a-93c0-4347-81e6-d28e56b0c0a4}</UniqueIdentifier>
    </Filter>
    <Filter Include="Game">
      <UniqueIdentifier>{625f6fc1-f118-490a-a903-0c9c85b2ad81}</UniqueIdentifier>
    </Filter>
    <Filter Include="Game\Objects">
      <UniqueIdentifier>{d8b611dc-295e-4645-af2a-4af5152efcbe}</UniqueIdentifier>
    </Filter>
    <Filter Include="Game\Scenes">
      <UniqueIdentifier>{c19b4ab3-4920-473e-9bec-408cd2d3dbec}</UniqueIdentifier>
    </Filter>
    <Filter Include="Engine\Lighting">
      <UniqueIdentifier>{931bc67c-7346-4a28-a898-10577eb420c9}</UniqueIdentifier>
    </Filter>
    <Filter Include="3rdParty\tiny_obj_loader">
      <UniqueIdentifier>{3d12bc68-1abd-404c-a758-a94c1bd3c323}</UniqueIdentifier>
    </Filter>
    <Filter Include="Game\Texts">
      <UniqueIdentifier>{74f12183-4bbb-4b80-8441-baaa224bbd6e}</UniqueIdentifier>
    </Filter>
    <Filter Include="3rdParty\glfw">
      <UniqueIdentifier>{48f97e19-9610-4328-a8b8-74939fed8f41}</UniqueIdentifier>
    </Filter>
    <Filter Include="Images">
      <UniqueIdentifier>{50ae4f62-adec-4954-80ec-ca70a8ff31ae}</UniqueIdentifier>
    </Filter>
    <Filter Include="Models">
      <UniqueIdentifier>{ac66ec23-8517-4c4a-8a24-385025299f23}</UniqueIdentifier>
    </Filter>
  </ItemGroup>
  <ItemGroup>
    <ClCompile Include="src\Engine\Utils\FileReader.cpp">
      <Filter>Engine\Utils</Filter>
    </ClCompile>
    <ClCompile Include="src\Engine\Utils\Timer.cpp">
      <Filter>Engine\Utils</Filter>
    </ClCompile>
    <ClCompile Include="src\Engine\Scenes\Scene.cpp">
      <Filter>Engine\Scenes</Filter>
    </ClCompile>
    <ClCompile Include="src\Engine\Models\CubeTexture.cpp">
      <Filter>Engine\Models</Filter>
    </ClCompile>
    <ClCompile Include="src\Engine\Models\Floor.cpp">
      <Filter>Engine\Models</Filter>
    </ClCompile>
    <ClCompile Include="src\Engine\Models\GameObject.cpp">
      <Filter>Engine\Models</Filter>
    </ClCompile>
    <ClCompile Include="src\Engine\Models\Cube.cpp">
      <Filter>Engine\Models</Filter>
    </ClCompile>
    <ClCompile Include="src\Engine\Models\CubeColor.cpp">
      <Filter>Engine\Models</Filter>
    </ClCompile>
    <ClCompile Include="src\Engine\Managers\SceneManager.cpp">
      <Filter>Engine\Managers</Filter>
    </ClCompile>
    <ClCompile Include="src\Engine\Managers\ShaderManager.cpp">
      <Filter>Engine\Managers</Filter>
    </ClCompile>
    <ClCompile Include="src\Engine\Managers\ResourceManager.cpp">
      <Filter>Engine\Managers</Filter>
    </ClCompile>
    <ClCompile Include="src\Engine\Input\Mouse.cpp">
      <Filter>Engine\Input</Filter>
    </ClCompile>
    <ClCompile Include="src\Engine\Input\Keyboard.cpp">
      <Filter>Engine\Input</Filter>
    </ClCompile>
    <ClCompile Include="src\Engine\Graphics\Texture.cpp">
      <Filter>Engine\Graphics</Filter>
    </ClCompile>
    <ClCompile Include="src\Engine\Models\FloorTexture.cpp">
      <Filter>Engine\Models</Filter>
    </ClCompile>
    <ClCompile Include="src\Engine\Models\FloorColor.cpp">
      <Filter>Engine\Models</Filter>
    </ClCompile>
    <ClCompile Include="src\Engine\Scenes\Camera.cpp">
      <Filter>Engine\Scenes</Filter>
    </ClCompile>
    <ClCompile Include="3rdParty\src\lodepng\lodepng.cpp">
      <Filter>3rdParty\lodepng</Filter>
    </ClCompile>
    <ClCompile Include="3rdParty\src\gl3w\gl3w.c">
      <Filter>3rdParty\gl3w</Filter>
    </ClCompile>
    <ClCompile Include="src\Engine\Application.cpp">
      <Filter>Engine</Filter>
    </ClCompile>
    <ClCompile Include="src\Engine\Utils\Message.cpp">
      <Filter>Engine\Utils</Filter>
    </ClCompile>
    <ClCompile Include="src\Main.cpp">
      <Filter>Game</Filter>
    </ClCompile>
    <ClCompile Include="src\Player.cpp">
      <Filter>Game\Objects</Filter>
    </ClCompile>
    <ClCompile Include="src\GameScene.cpp">
      <Filter>Game\Scenes</Filter>
    </ClCompile>
    <ClCompile Include="src\Car.cpp">
      <Filter>Game\Objects</Filter>
    </ClCompile>
    <ClCompile Include="src\Tree.cpp">
      <Filter>Game\Objects</Filter>
    </ClCompile>
    <ClCompile Include="src\Engine\Lighting\Light.cpp">
      <Filter>Engine\Lighting</Filter>
    </ClCompile>
    <ClCompile Include="3rdParty\src\tiny_obj_loader\tiny_obj_loader.cc">
      <Filter>3rdParty\tiny_obj_loader</Filter>
    </ClCompile>
    <ClCompile Include="src\Engine\Models\ModelObj.cpp">
      <Filter>Engine\Models</Filter>
    </ClCompile>
    <ClCompile Include="src\Engine\Models\ModelObject.cpp">
      <Filter>Engine\Models</Filter>
    </ClCompile>
    <ClCompile Include="src\Engine\Utils\ModelLoader.cpp">
      <Filter>Engine\Utils</Filter>
    </ClCompile>
    <ClCompile Include="src\Engine\Graphics\Model.cpp">
      <Filter>Engine\Graphics</Filter>
    </ClCompile>
    <ClCompile Include="src\TextGameOver.cpp">
      <Filter>Game\Texts</Filter>
    </ClCompile>
    <ClCompile Include="src\TextStart.cpp">
      <Filter>Game\Texts</Filter>
    </ClCompile>
    <ClCompile Include="src\TextPressSpace.cpp">
      <Filter>Game\Texts</Filter>
    </ClCompile>
    <ClCompile Include="3rdParty\src\glfw\win32_monitor.c">
      <Filter>3rdParty\glfw</Filter>
    </ClCompile>
    <ClCompile Include="3rdParty\src\glfw\win32_time.c">
      <Filter>3rdParty\glfw</Filter>
    </ClCompile>
    <ClCompile Include="3rdParty\src\glfw\win32_tls.c">
      <Filter>3rdParty\glfw</Filter>
    </ClCompile>
    <ClCompile Include="3rdParty\src\glfw\win32_window.c">
      <Filter>3rdParty\glfw</Filter>
    </ClCompile>
    <ClCompile Include="3rdParty\src\glfw\window.c">
      <Filter>3rdParty\glfw</Filter>
    </ClCompile>
    <ClCompile Include="3rdParty\src\glfw\winmm_joystick.c">
      <Filter>3rdParty\glfw</Filter>
    </ClCompile>
    <ClCompile Include="3rdParty\src\glfw\context.c">
      <Filter>3rdParty\glfw</Filter>
    </ClCompile>
    <ClCompile Include="3rdParty\src\glfw\init.c">
      <Filter>3rdParty\glfw</Filter>
    </ClCompile>
    <ClCompile Include="3rdParty\src\glfw\input.c">
      <Filter>3rdParty\glfw</Filter>
    </ClCompile>
    <ClCompile Include="3rdParty\src\glfw\monitor.c">
      <Filter>3rdParty\glfw</Filter>
    </ClCompile>
    <ClCompile Include="3rdParty\src\glfw\wgl_context.c">
      <Filter>3rdParty\glfw</Filter>
    </ClCompile>
    <ClCompile Include="3rdParty\src\glfw\win32_init.c">
      <Filter>3rdParty\glfw</Filter>
    </ClCompile>
    <ClCompile Include="src\Images\ImageFloor.cpp">
      <Filter>Images</Filter>
    </ClCompile>
    <ClCompile Include="src\Images\Images.cpp">
      <Filter>Images</Filter>
    </ClCompile>
    <ClCompile Include="src\Images\ImageCar.cpp">
      <Filter>Images</Filter>
    </ClCompile>
    <ClCompile Include="src\Images\ImageMch.cpp">
      <Filter>Images</Filter>
    </ClCompile>
    <ClCompile Include="src\Images\ImageTree.cpp">
      <Filter>Images</Filter>
    </ClCompile>
    <ClCompile Include="src\Models\strom.obj.cpp">
      <Filter>Models</Filter>
    </ClCompile>
    <ClCompile Include="src\Models\aut.obj.cpp">
      <Filter>Models</Filter>
    </ClCompile>
    <ClCompile Include="src\Models\gameover.obj.cpp">
      <Filter>Models</Filter>
    </ClCompile>
    <ClCompile Include="src\Models\mch.obj.cpp">
      <Filter>Models</Filter>
    </ClCompile>
    <ClCompile Include="src\Models\press.obj.cpp">
      <Filter>Models</Filter>
    </ClCompile>
    <ClCompile Include="src\Models\start.obj.cpp">
      <Filter>Models</Filter>
    </ClCompile>
  </ItemGroup>
  <ItemGroup>
    <ClInclude Include="src\Engine\Utils\FileReader.h">
      <Filter>Engine\Utils</Filter>
    </ClInclude>
    <ClInclude Include="src\Engine\Utils\Timer.h">
      <Filter>Engine\Utils</Filter>
    </ClInclude>
    <ClInclude Include="src\Engine\Scenes\Scene.h">
      <Filter>Engine\Scenes</Filter>
    </ClInclude>
    <ClInclude Include="src\Engine\Models\CubeTexture.h">
      <Filter>Engine\Models</Filter>
    </ClInclude>
    <ClInclude Include="src\Engine\Models\Floor.h">
      <Filter>Engine\Models</Filter>
    </ClInclude>
    <ClInclude Include="src\Engine\Models\GameObject.h">
      <Filter>Engine\Models</Filter>
    </ClInclude>
    <ClInclude Include="src\Engine\Models\Cube.h">
      <Filter>Engine\Models</Filter>
    </ClInclude>
    <ClInclude Include="src\Engine\Models\CubeColor.h">
      <Filter>Engine\Models</Filter>
    </ClInclude>
    <ClInclude Include="src\Engine\Managers\SceneManager.h">
      <Filter>Engine\Managers</Filter>
    </ClInclude>
    <ClInclude Include="src\Engine\Managers\ShaderManager.h">
      <Filter>Engine\Managers</Filter>
    </ClInclude>
    <ClInclude Include="src\Engine\Managers\ResourceManager.h">
      <Filter>Engine\Managers</Filter>
    </ClInclude>
    <ClInclude Include="src\Engine\Input\Mouse.h">
      <Filter>Engine\Input</Filter>
    </ClInclude>
    <ClInclude Include="src\Engine\Input\Keyboard.h">
      <Filter>Engine\Input</Filter>
    </ClInclude>
    <ClInclude Include="src\Engine\Graphics\Texture.h">
      <Filter>Engine\Graphics</Filter>
    </ClInclude>
    <ClInclude Include="src\Engine\Models\FloorTexture.h">
      <Filter>Engine\Models</Filter>
    </ClInclude>
    <ClInclude Include="src\Engine\Models\FloorColor.h">
      <Filter>Engine\Models</Filter>
    </ClInclude>
    <ClInclude Include="src\Engine\Scenes\Camera.h">
      <Filter>Engine\Scenes</Filter>
    </ClInclude>
    <ClInclude Include="src\Engine\Application.h">
      <Filter>Engine</Filter>
    </ClInclude>
    <ClInclude Include="src\Engine\Utils\Message.h">
      <Filter>Engine\Utils</Filter>
    </ClInclude>
    <ClInclude Include="src\Engine\Utils\Basics.h">
      <Filter>Engine\Utils</Filter>
    </ClInclude>
    <ClInclude Include="src\Player.h">
      <Filter>Game\Objects</Filter>
    </ClInclude>
    <ClInclude Include="src\GameScene.h">
      <Filter>Game\Scenes</Filter>
    </ClInclude>
    <ClInclude Include="src\Car.h">
      <Filter>Game\Objects</Filter>
    </ClInclude>
    <ClInclude Include="src\Tree.h">
      <Filter>Game\Objects</Filter>
    </ClInclude>
    <ClInclude Include="src\Engine\Lighting\LightTypes.h">
      <Filter>Engine\Lighting</Filter>
    </ClInclude>
    <ClInclude Include="src\Engine\Lighting\Light.h">
      <Filter>Engine\Lighting</Filter>
    </ClInclude>
    <ClInclude Include="src\Engine\Models\ModelObj.h">
      <Filter>Engine\Models</Filter>
    </ClInclude>
    <ClInclude Include="src\Engine\Models\ModelObject.h">
      <Filter>Engine\Models</Filter>
    </ClInclude>
    <ClInclude Include="src\Engine\Utils\ModelLoader.h">
      <Filter>Engine\Utils</Filter>
    </ClInclude>
    <ClInclude Include="src\Engine\Graphics\Model.h">
      <Filter>Engine\Graphics</Filter>
    </ClInclude>
    <ClInclude Include="src\TextGameOver.h">
      <Filter>Game\Texts</Filter>
    </ClInclude>
    <ClInclude Include="src\TextStart.h">
      <Filter>Game\Texts</Filter>
    </ClInclude>
    <ClInclude Include="src\TextPressSpace.h">
      <Filter>Game\Texts</Filter>
    </ClInclude>
    <ClInclude Include="src\Images\Images.h">
      <Filter>Images</Filter>
    </ClInclude>
  </ItemGroup>
</Project>